# This file is autogenerated, do not edit; changes may be undone by the next 'dep ensure'.


[[projects]]
  digest = "1:cecede5075f76efcd07258c7e9ea2a693bb2182c53f50ab4754c946b1a88cb51"
  name = "github.com/xenolf/lego"
  packages = ["acme"]
  pruneopts = "UT"
  revision = "52e43eb318b07ace590c2144804292c89aa74802"
  version = "v2.2.0"

[solve-meta]
  analyzer-name = "dep"
  analyzer-version = 1
  input-imports = ["github.com/xenolf/lego/acme"]
  solver-name = "gps-cdcl"
  solver-version = 1
